
Microsoft Visual Studio Solution File, Format Version 12.00
# Visual Studio Version 16
VisualStudioVersion = 16.0.32407.337
MinimumVisualStudioVersion = 10.0.40219.1
Project("{FAE04EC0-301F-11D3-BF4B-00C04F79EFBC}") = "ContactManager", "ContactManager\ContactManager.csproj", "{576289DA-9D91-4055-A2D3-43FEB2E1176C}"
EndProject
Global
	GlobalSection(SolutionConfigurationPlatforms) = preSolution
		Debug|Any CPU = Debug|Any CPU
		Release|Any CPU = Release|Any CPU
	EndGlobalSection
	GlobalSection(ProjectConfigurationPlatforms) = postSolution
		{576289DA-9D91-4055-A2D3-43FEB2E1176C}.Debug|Any CPU.ActiveCfg = Debug|Any CPU
		{576289DA-9D91-4055-A2D3-43FEB2E1176C}.Debug|Any CPU.Build.0 = Debug|Any CPU
		{576289DA-9D91-4055-A2D3-43FEB2E1176C}.Release|Any CPU.ActiveCfg = Release|Any CPU
		{576289DA-9D91-4055-A2D3-43FEB2E1176C}.Release|Any CPU.Build.0 = Release|Any CPU
	EndGlobalSection
	GlobalSection(SolutionProperties) = preSolution
		HideSolutionNode = FALSE
	EndGlobalSection
	GlobalSection(ExtensibilityGlobals) = postSolution
		SolutionGuid = {D500C48D-2120-4E55-AD01-DF027CE187C1}
	EndGlobalSection
EndGlobal
